
Microsoft Visual Studio Solution File, Format Version 12.00
# Visual Studio Version 16
VisualStudioVersion = 16.0.30104.148
MinimumVisualStudioVersion = 10.0.40219.1
Project("{FAE04EC0-301F-11D3-BF4B-00C04F79EFBC}") = "MVCSample", "MVCSample\MVCSample.csproj", "{277D27C1-54E0-4579-BF65-47EFC7E12883}"
EndProject
Global
	GlobalSection(SolutionConfigurationPlatforms) = preSolution
		Debug|Any CPU = Debug|Any CPU
		Release|Any CPU = Release|Any CPU
	EndGlobalSection
	GlobalSection(ProjectConfigurationPlatforms) = postSolution
		{277D27C1-54E0-4579-BF65-47EFC7E12883}.Debug|Any CPU.ActiveCfg = Debug|Any CPU
		{277D27C1-54E0-4579-BF65-47EFC7E12883}.Debug|Any CPU.Build.0 = Debug|Any CPU
		{277D27C1-54E0-4579-BF65-47EFC7E12883}.Release|Any CPU.ActiveCfg = Release|Any CPU
		{277D27C1-54E0-4579-BF65-47EFC7E12883}.Release|Any CPU.Build.0 = Release|Any CPU
	EndGlobalSection
	GlobalSection(SolutionProperties) = preSolution
		HideSolutionNode = FALSE
	EndGlobalSection
	GlobalSection(ExtensibilityGlobals) = postSolution
		SolutionGuid = {4CAA8288-2189-4B15-A2C2-322783DDD039}
	EndGlobalSection
EndGlobal
